Microsoft Visual Studio Solution File, Format Version 12.00
# Visual Studio Version 16
VisualStudioVersion = 16.0.30222.164
MinimumVisualStudioVersion = 10.0.40219.1
Project("{FAE04EC0-301F-11D3-BF4B-00C04F79EFBC}") = "BACnet.Core", "src\BACnet.Core\BACnet.Core.csproj", "{A1B2C3D4-E5F6-7890-ABCD-EF1234567890}"
EndProject
Project("{FAE04EC0-301F-11D3-BF4B-00C04F79EFBC}") = "BACnet.Transport", "src\BACnet.Transport\BACnet.Transport.csproj", "{00000000-0000-0000-0000-000000000000}"
EndProject
Project("{FAE04EC0-301F-11D3-BF4B-00C04F79EFBC}") = "BACnet.Device", "src\BACnet.Device\BACnet.Device.csproj", "{00000000-0000-0000-0000-000000000000}"
EndProject
Project("{FAE04EC0-301F-11D3-BF4B-00C04F79EFBC}") = "BACnet.Client", "src\BACnet.Client\BACnet.Client.csproj", "{00000000-0000-0000-0000-000000000000}"
EndProject
Project("{FAE04EC0-301F-11D3-BF4B-00C04F79EFBC}") = "BACnet.Core.Tests", "tests\BACnet.Core.Tests\BACnet.Core.Tests.csproj", "{00000000-0000-0000-0000-000000000000}"
EndProject
Project("{FAE04EC0-301F-11D3-BF4B-00C04F79EFBC}") = "BACnet.Transport.Tests", "tests\BACnet.Transport.Tests\BACnet.Transport.Tests.csproj", "{00000000-0000-0000-0000-000000000000}"
EndProject
Project("{FAE04EC0-301F-11D3-BF4B-00C04F79EFBC}") = "BACnet.Device.Tests", "tests\BACnet.Device.Tests\BACnet.Device.Tests.csproj", "{00000000-0000-0000-0000-000000000000}"
EndProject
Project("{FAE04EC0-301F-11D3-BF4B-00C04F79EFBC}") = "BACnet.Client.Tests", "tests\BACnet.Client.Tests\BACnet.Client.Tests.csproj", "{00000000-0000-0000-0000-000000000000}"
EndProject
Project("{FAE04EC0-301F-11D3-BF4B-00C04F79EFBC}") = "SimpleClient", "examples\SimpleClient\SimpleClient.csproj", "{E5AD3BF5-421F-48FF-9323-92A285AFB292}"
EndProject
Project("{FAE04EC0-301F-11D3-BF4B-00C04F79EFBC}") = "SimpleServer", "examples\SimpleServer\SimpleServer.csproj", "{17C21A10-7B12-4F69-AFFB-8A2D63963114}"
EndProject
Global
				GlobalSection(SolutionConfigurationPlatforms) = preSolution
								Debug|Any CPU = Debug|Any CPU
								Release|Any CPU = Release|Any CPU
				EndGlobalSection
				GlobalSection(ProjectConfigurationPlatforms) = postSolution
								{A1B2C3D4-E5F6-7890-ABCD-EF1234567890}.Debug|Any CPU.ActiveCfg = Debug|Any CPU
								{A1B2C3D4-E5F6-7890-ABCD-EF1234567890}.Debug|Any CPU.Build.0 = Debug|Any CPU
								{A1B2C3D4-E5F6-7890-ABCD-EF1234567890}.Release|Any CPU.ActiveCfg = Release|Any CPU
								{A1B2C3D4-E5F6-7890-ABCD-EF1234567890}.Release|Any CPU.Build.0 = Release|Any CPU
								{B1C2D3E4-F5G6-7890-ABCD-EF1234567890}.Debug|Any CPU.ActiveCfg = Debug|Any CPU
								{B1C2D3E4-F5G6-7890-ABCD-EF1234567890}.Debug|Any CPU.Build.0 = Debug|Any CPU
								{B1C2D3E4-F5G6-7890-ABCD-EF1234567890}.Release|Any CPU.ActiveCfg = Release|Any CPU
								{B1C2D3E4-F5G6-7890-ABCD-EF1234567890}.Release|Any CPU.Build.0 = Release|Any CPU
								{C1D2E3F4-G5H6-7890-ABCD-EF1234567890}.Debug|Any CPU.ActiveCfg = Debug|Any CPU
								{C1D2E3F4-G5H6-7890-ABCD-EF1234567890}.Debug|Any CPU.Build.0 = Debug|Any CPU
								{C1D2E3F4-G5H6-7890-ABCD-EF1234567890}.Release|Any CPU.ActiveCfg = Release|Any CPU
								{C1D2E3F4-G5H6-7890-ABCD-EF1234567890}.Release|Any CPU.Build.0 = Release|Any CPU
								{D1E2F3G4-H5I6-7890-ABCD-EF1234567890}.Debug|Any CPU.ActiveCfg = Debug|Any CPU
								{D1E2F3G4-H5I6-7890-ABCD-EF1234567890}.Debug|Any CPU.Build.0 = Debug|Any CPU
								{D1E2F3G4-H5I6-7890-ABCD-EF1234567890}.Release|Any CPU.ActiveCfg = Release|Any CPU
								{D1E2F3G4-H5I6-7890-ABCD-EF1234567890}.Release|Any CPU.Build.0 = Release|Any CPU
								{E1F2G3H4-I5J6-7890-ABCD-EF1234567890}.Debug|Any CPU.ActiveCfg = Debug|Any CPU
								{E1F2G3H4-I5J6-7890-ABCD-EF1234567890}.Debug|Any CPU.Build.0 = Debug|Any CPU
								{E1F2G3H4-I5J6-7890-ABCD-EF1234567890}.Release|Any CPU.ActiveCfg = Release|Any CPU
								{E1F2G3H4-I5J6-7890-ABCD-EF1234567890}.Release|Any CPU.Build.0 = Release|Any CPU
								{F1G2H3I4-J5K6-7890-ABCD-EF1234567890}.Debug|Any CPU.ActiveCfg = Debug|Any CPU
								{F1G2H3I4-J5K6-7890-ABCD-EF1234567890}.Debug|Any CPU.Build.0 = Debug|Any CPU
								{F1G2H3I4-J5K6-7890-ABCD-EF1234567890}.Release|Any CPU.ActiveCfg = Release|Any CPU
								{F1G2H3I4-J5K6-7890-ABCD-EF1234567890}.Release|Any CPU.Build.0 = Release|Any CPU
								{G1H2I3J4-K5L6-7890-ABCD-EF1234567890}.Debug|Any CPU.ActiveCfg = Debug|Any CPU
								{G1H2I3J4-K5L6-7890-ABCD-EF1234567890}.Debug|Any CPU.Build.0 = Debug|Any CPU
								{G1H2I3J4-K5L6-7890-ABCD-EF1234567890}.Release|Any CPU.ActiveCfg = Release|Any CPU
								{G1H2I3J4-K5L6-7890-ABCD-EF1234567890}.Release|Any CPU.Build.0 = Release|Any CPU
								{H1I2J3K4-L5M6-7890-ABCD-EF1234567890}.Debug|Any CPU.ActiveCfg = Debug|Any CPU
								{H1I2J3K4-L5M6-7890-ABCD-EF1234567890}.Debug|Any CPU.Build.0 = Debug|Any CPU
								{H1I2J3K4-L5M6-7890-ABCD-EF1234567890}.Release|Any CPU.ActiveCfg = Release|Any CPU
								{H1I2J3K4-L5M6-7890-ABCD-EF1234567890}.Release|Any CPU.Build.0 = Release|Any CPU
					{E5AD3BF5-421F-48FF-9323-92A285AFB292}.Debug|Any CPU.ActiveCfg = Debug|Any CPU
					{E5AD3BF5-421F-48FF-9323-92A285AFB292}.Debug|Any CPU.Build.0 = Debug|Any CPU
					{E5AD3BF5-421F-48FF-9323-92A285AFB292}.Release|Any CPU.ActiveCfg = Release|Any CPU
					{E5AD3BF5-421F-48FF-9323-92A285AFB292}.Release|Any CPU.Build.0 = Release|Any CPU
					{17C21A10-7B12-4F69-AFFB-8A2D63963114}.Debug|Any CPU.ActiveCfg = Debug|Any CPU
					{17C21A10-7B12-4F69-AFFB-8A2D63963114}.Debug|Any CPU.Build.0 = Debug|Any CPU
					{17C21A10-7B12-4F69-AFFB-8A2D63963114}.Release|Any CPU.ActiveCfg = Release|Any CPU
					{17C21A10-7B12-4F69-AFFB-8A2D63963114}.Release|Any CPU.Build.0 = Release|Any CPU
				EndGlobalSection
EndGlobal
